
Microsoft Visual Studio Solution File, Format Version 12.00
# Visual Studio Version 16
VisualStudioVersion = 16.0.28729.10
MinimumVisualStudioVersion = 10.0.40219.1
Project("{9A19103F-16F7-4668-BE54-9A1E7A4F7556}") = "AWSAPP.WEB", "AWSAPP.WEB\AWSAPP.WEB.csproj", "{1E0A6886-77D3-4C62-AFDA-BB2F98C9940E}"
EndProject
Project("{9A19103F-16F7-4668-BE54-9A1E7A4F7556}") = "AWSAPP.DataAccess", "AWSAPP.DataAccess\AWSAPP.DataAccess.csproj", "{D91B54A5-322A-4943-A05C-A4A7D9A470C2}"
EndProject
Project("{9A19103F-16F7-4668-BE54-9A1E7A4F7556}") = "AWSAPP.Entities", "AWSAPP.Entities\AWSAPP.Entities.csproj", "{AE0BCF1C-C1FA-4D05-AFC7-D547EFC869CC}"
EndProject
Project("{9A19103F-16F7-4668-BE54-9A1E7A4F7556}") = "AWSAPP.Shared", "AWSAPP.Shared\AWSAPP.Shared.csproj", "{A37E9FE8-DA27-4723-A495-DF99EA24A6C7}"
EndProject
Project("{9A19103F-16F7-4668-BE54-9A1E7A4F7556}") = "AWSAPP.Configuration", "AWSAPP.Configuration\AWSAPP.Configuration.csproj", "{66921534-6B67-4F22-9097-412CDBBA0E9A}"
EndProject
Project("{FAE04EC0-301F-11D3-BF4B-00C04F79EFBC}") = "AWSAPP.Services", "AWSAPP.Services\AWSAPP.Services.csproj", "{77C5FE7B-C381-4DFB-8281-2548DF2388B1}"
EndProject
Project("{FAE04EC0-301F-11D3-BF4B-00C04F79EFBC}") = "AWSAPP.ViewModels", "AWSAPP.ViewModels\AWSAPP.ViewModels.csproj", "{76A024DF-983F-4720-BA96-9FA06A6CB70F}"
EndProject
Global
	GlobalSection(SolutionConfigurationPlatforms) = preSolution
		Debug|Any CPU = Debug|Any CPU
		Release|Any CPU = Release|Any CPU
	EndGlobalSection
	GlobalSection(ProjectConfigurationPlatforms) = postSolution
		{1E0A6886-77D3-4C62-AFDA-BB2F98C9940E}.Debug|Any CPU.ActiveCfg = Debug|Any CPU
		{1E0A6886-77D3-4C62-AFDA-BB2F98C9940E}.Debug|Any CPU.Build.0 = Debug|Any CPU
		{1E0A6886-77D3-4C62-AFDA-BB2F98C9940E}.Release|Any CPU.ActiveCfg = Release|Any CPU
		{1E0A6886-77D3-4C62-AFDA-BB2F98C9940E}.Release|Any CPU.Build.0 = Release|Any CPU
		{D91B54A5-322A-4943-A05C-A4A7D9A470C2}.Debug|Any CPU.ActiveCfg = Debug|Any CPU
		{D91B54A5-322A-4943-A05C-A4A7D9A470C2}.Debug|Any CPU.Build.0 = Debug|Any CPU
		{D91B54A5-322A-4943-A05C-A4A7D9A470C2}.Release|Any CPU.ActiveCfg = Release|Any CPU
		{D91B54A5-322A-4943-A05C-A4A7D9A470C2}.Release|Any CPU.Build.0 = Release|Any CPU
		{AE0BCF1C-C1FA-4D05-AFC7-D547EFC869CC}.Debug|Any CPU.ActiveCfg = Debug|Any CPU
		{AE0BCF1C-C1FA-4D05-AFC7-D547EFC869CC}.Debug|Any CPU.Build.0 = Debug|Any CPU
		{AE0BCF1C-C1FA-4D05-AFC7-D547EFC869CC}.Release|Any CPU.ActiveCfg = Release|Any CPU
		{AE0BCF1C-C1FA-4D05-AFC7-D547EFC869CC}.Release|Any CPU.Build.0 = Release|Any CPU
		{A37E9FE8-DA27-4723-A495-DF99EA24A6C7}.Debug|Any CPU.ActiveCfg = Debug|Any CPU
		{A37E9FE8-DA27-4723-A495-DF99EA24A6C7}.Debug|Any CPU.Build.0 = Debug|Any CPU
		{A37E9FE8-DA27-4723-A495-DF99EA24A6C7}.Release|Any CPU.ActiveCfg = Release|Any CPU
		{A37E9FE8-DA27-4723-A495-DF99EA24A6C7}.Release|Any CPU.Build.0 = Release|Any CPU
		{66921534-6B67-4F22-9097-412CDBBA0E9A}.Debug|Any CPU.ActiveCfg = Debug|Any CPU
		{66921534-6B67-4F22-9097-412CDBBA0E9A}.Debug|Any CPU.Build.0 = Debug|Any CPU
		{66921534-6B67-4F22-9097-412CDBBA0E9A}.Release|Any CPU.ActiveCfg = Release|Any CPU
		{66921534-6B67-4F22-9097-412CDBBA0E9A}.Release|Any CPU.Build.0 = Release|Any CPU
		{77C5FE7B-C381-4DFB-8281-2548DF2388B1}.Debug|Any CPU.ActiveCfg = Debug|Any CPU
		{77C5FE7B-C381-4DFB-8281-2548DF2388B1}.Debug|Any CPU.Build.0 = Debug|Any CPU
		{77C5FE7B-C381-4DFB-8281-2548DF2388B1}.Release|Any CPU.ActiveCfg = Release|Any CPU
		{77C5FE7B-C381-4DFB-8281-2548DF2388B1}.Release|Any CPU.Build.0 = Release|Any CPU
		{76A024DF-983F-4720-BA96-9FA06A6CB70F}.Debug|Any CPU.ActiveCfg = Debug|Any CPU
		{76A024DF-983F-4720-BA96-9FA06A6CB70F}.Debug|Any CPU.Build.0 = Debug|Any CPU
		{76A024DF-983F-4720-BA96-9FA06A6CB70F}.Release|Any CPU.ActiveCfg = Release|Any CPU
		{76A024DF-983F-4720-BA96-9FA06A6CB70F}.Release|Any CPU.Build.0 = Release|Any CPU
	EndGlobalSection
	GlobalSection(SolutionProperties) = preSolution
		HideSolutionNode = FALSE
	EndGlobalSection
	GlobalSection(ExtensibilityGlobals) = postSolution
		SolutionGuid = {19A3F9B9-E4F9-4E5B-82B4-11AC221C80B8}
	EndGlobalSection
EndGlobal
